
Microsoft Visual Studio Solution File, Format Version 12.00
# Visual Studio Version 17
VisualStudioVersion = 17.0.32002.185
MinimumVisualStudioVersion = 10.0.40219.1
Project("{FAE04EC0-301F-11D3-BF4B-00C04F79EFBC}") = "셀룰러 오토마타", "셀룰러 오토마타.csproj", "{CEE19FE0-3A0C-4E9F-BC1E-E96F0EDC979F}"
EndProject
Global
	GlobalSection(SolutionConfigurationPlatforms) = preSolution
		Debug|Any CPU = Debug|Any CPU
		Release|Any CPU = Release|Any CPU
	EndGlobalSection
	GlobalSection(ProjectConfigurationPlatforms) = postSolution
		{CEE19FE0-3A0C-4E9F-BC1E-E96F0EDC979F}.Debug|Any CPU.ActiveCfg = Debug|Any CPU
		{CEE19FE0-3A0C-4E9F-BC1E-E96F0EDC979F}.Debug|Any CPU.Build.0 = Debug|Any CPU
		{CEE19FE0-3A0C-4E9F-BC1E-E96F0EDC979F}.Release|Any CPU.ActiveCfg = Release|Any CPU
		{CEE19FE0-3A0C-4E9F-BC1E-E96F0EDC979F}.Release|Any CPU.Build.0 = Release|Any CPU
	EndGlobalSection
	GlobalSection(SolutionProperties) = preSolution
		HideSolutionNode = FALSE
	EndGlobalSection
	GlobalSection(ExtensibilityGlobals) = postSolution
		SolutionGuid = {9FBDDC78-49DE-4882-BCDA-4D7DD96FD7FC}
	EndGlobalSection
EndGlobal
